version: 6
environments:
  default:
    channels:
    - url: https://conda.anaconda.org/conda-forge/
    options:
      pypi-prerelease-mode: if-necessary-or-explicit
    packages:
      win-64:
      - conda: https://conda.anaconda.org/conda-forge/win-64/nodejs-22.22.2-h80d1838_0.conda
packages:
- conda: https://conda.anaconda.org/conda-forge/win-64/nodejs-22.22.2-h80d1838_0.conda
  sha256: cfc634e30f0a8346eff67d9f49590c41d906907bb0cf34b8ef92a28b65c7c72a
  md5: d84cc7cc01897fb80120b80acb44b9f1
  license: MIT
  license_family: MIT
  size: 30034552
  timestamp: 1774518183077
